// !$*UTF8*$!
{
	archiveVersion = 1;
	classes = {
	};
	objectVersion = 55;
	objects = {

/* Begin PBXBuildFile section */
		FAB1D0222876379200AAE804 /* Tests_iOS.swift in Sources */ = {isa = PBXBuildFile; fileRef = FAB1D0212876379200AAE804 /* Tests_iOS.swift */; };
		FAB1D0242876379200AAE804 /* Tests_iOSLaunchTests.swift in Sources */ = {isa = PBXBuildFile; fileRef = FAB1D0232876379200AAE804 /* Tests_iOSLaunchTests.swift */; };
		FAB1D02E2876379200AAE804 /* Tests_macOS.swift in Sources */ = {isa = PBXBuildFile; fileRef = FAB1D02D2876379200AAE804 /* Tests_macOS.swift */; };
		FAB1D0302876379200AAE804 /* Tests_macOSLaunchTests.swift in Sources */ = {isa = PBXBuildFile; fileRef = FAB1D02F2876379200AAE804 /* Tests_macOSLaunchTests.swift */; };
		FAB1D0312876379200AAE804 /* war_challengeApp.swift in Sources */ = {isa = PBXBuildFile; fileRef = FAB1D0092876379000AAE804 /* war_challengeApp.swift */; };
		FAB1D0322876379200AAE804 /* war_challengeApp.swift in Sources */ = {isa = PBXBuildFile; fileRef = FAB1D0092876379000AAE804 /* war_challengeApp.swift */; };
		FAB1D0332876379200AAE804 /* ContentView.swift in Sources */ = {isa = PBXBuildFile; fileRef = FAB1D00A2876379000AAE804 /* ContentView.swift */; };
		FAB1D0342876379200AAE804 /* ContentView.swift in Sources */ = {isa = PBXBuildFile; fileRef = FAB1D00A2876379000AAE804 /* ContentView.swift */; };
		FAB1D0352876379200AAE804 /* Assets.xcassets in Resources */ = {isa = PBXBuildFile; fileRef = FAB1D00B2876379200AAE804 /* Assets.xcassets */; };
		FAB1D0362876379200AAE804 /* Assets.xcassets in Resources */ = {isa = PBXBuildFile; fileRef = FAB1D00B2876379200AAE804 /* Assets.xcassets */; };
/* End PBXBuildFile section */

/* Begin PBXContainerItemProxy section */
		FAB1D01E2876379200AAE804 /* PBXContainerItemProxy */ = {
			isa = PBXContainerItemProxy;
			containerPortal = FAB1D0042876379000AAE804 /* Project object */;
			proxyType = 1;
			remoteGlobalIDString = FAB1D00F2876379200AAE804;
			remoteInfo = "war-challenge (iOS)";
		};
		FAB1D02A2876379200AAE804 /* PBXContainerItemProxy */ = {
			isa = PBXContainerItemProxy;
			containerPortal = FAB1D0042876379000AAE804 /* Project object */;
			proxyType = 1;
			remoteGlobalIDString = FAB1D0152876379200AAE804;
			remoteInfo = "war-challenge (macOS)";
		};
/* End PBXContainerItemProxy section */

/* Begin PBXFileReference section */
		FAB1D0092876379000AAE804 /* war_challengeApp.swift */ = {isa = PBXFileReference; lastKnownFileType = sourcecode.swift; path = war_challengeApp.swift; sourceTree = "<group>"; };
		FAB1D00A2876379000AAE804 /* ContentView.swift */ = {isa = PBXFileReference; lastKnownFileType = sourcecode.swift; path = ContentView.swift; sourceTree = "<group>"; };
		FAB1D00B2876379200AAE804 /* Assets.xcassets */ = {isa = PBXFileReference; lastKnownFileType = folder.assetcatalog; path = Assets.xcassets; sourceTree = "<group>"; };
		FAB1D0102876379200AAE804 /* war-challenge.app */ = {isa = PBXFileReference; explicitFileType = wrapper.application; includeInIndex = 0; path = "war-challenge.app"; sourceTree = BUILT_PRODUCTS_DIR; };
		FAB1D0162876379200AAE804 /* war-challenge.app */ = {isa = PBXFileReference; explicitFileType = wrapper.application; includeInIndex = 0; path = "war-challenge.app"; sourceTree = BUILT_PRODUCTS_DIR; };
		FAB1D0182876379200AAE804 /* macOS.entitlements */ = {isa = PBXFileReference; lastKnownFileType = text.plist.entitlements; path = macOS.entitlements; sourceTree = "<group>"; };
		FAB1D01D2876379200AAE804 /* Tests iOS.xctest */ = {isa = PBXFileReference; explicitFileType = wrapper.cfbundle; includeInIndex = 0; path = "Tests iOS.xctest"; sourceTree = BUILT_PRODUCTS_DIR; };
		FAB1D0212876379200AAE804 /* Tests_iOS.swift */ = {isa = PBXFileReference; lastKnownFileType = sourcecode.swift; path = Tests_iOS.swift; sourceTree = "<group>"; };
		FAB1D0232876379200AAE804 /* Tests_iOSLaunchTests.swift */ = {isa = PBXFileReference; lastKnownFileType = sourcecode.swift; path = Tests_iOSLaunchTests.swift; sourceTree = "<group>"; };
		FAB1D0292876379200AAE804 /* Tests macOS.xctest */ = {isa = PBXFileReference; explicitFileType = wrapper.cfbundle; includeInIndex = 0; path = "Tests macOS.xctest"; sourceTree = BUILT_PRODUCTS_DIR; };
		FAB1D02D2876379200AAE804 /* Tests_macOS.swift */ = {isa = PBXFileReference; lastKnownFileType = sourcecode.swift; path = Tests_macOS.swift; sourceTree = "<group>"; };
		FAB1D02F2876379200AAE804 /* Tests_macOSLaunchTests.swift */ = {isa = PBXFileReference; lastKnownFileType = sourcecode.swift; path = Tests_macOSLaunchTests.swift; sourceTree = "<group>"; };
/* End PBXFileReference section */

/* Begin PBXFrameworksBuildPhase section */
		FAB1D00D2876379200AAE804 /* Frameworks */ = {
			isa = PBXFrameworksBuildPhase;
			buildActionMask = 2147483647;
			files = (
			);
			runOnlyForDeploymentPostprocessing = 0;
		};
		FAB1D0132876379200AAE804 /* Frameworks */ = {
			isa = PBXFrameworksBuildPhase;
			buildActionMask = 2147483647;
			files = (
			);
			runOnlyForDeploymentPostprocessing = 0;
		};
		FAB1D01A2876379200AAE804 /* Frameworks */ = {
			isa = PBXFrameworksBuildPhase;
			buildActionMask = 2147483647;
			files = (
			);
			runOnlyForDeploymentPostprocessing = 0;
		};
		FAB1D0262876379200AAE804 /* Frameworks */ = {
			isa = PBXFrameworksBuildPhase;
			buildActionMask = 2147483647;
			files = (
			);
			runOnlyForDeploymentPostprocessing = 0;
		};
/* End PBXFrameworksBuildPhase section */

/* Begin PBXGroup section */
		FAB1D0032876379000AAE804 = {
			isa = PBXGroup;
			children = (
				FAB1D0082876379000AAE804 /* Shared */,
				FAB1D0172876379200AAE804 /* macOS */,
				FAB1D0202876379200AAE804 /* Tests iOS */,
				FAB1D02C2876379200AAE804 /* Tests macOS */,
				FAB1D0112876379200AAE804 /* Products */,
			);
			sourceTree = "<group>";
		};
		FAB1D0082876379000AAE804 /* Shared */ = {
			isa = PBXGroup;
			children = (
				FAB1D0092876379000AAE804 /* war_challengeApp.swift */,
				FAB1D00A2876379000AAE804 /* ContentView.swift */,
				FAB1D00B2876379200AAE804 /* Assets.xcassets */,
			);
			path = Shared;
			sourceTree = "<group>";
		};
		FAB1D0112876379200AAE804 /* Products */ = {
			isa = PBXGroup;
			children = (
				FAB1D0102876379200AAE804 /* war-challenge.app */,
				FAB1D0162876379200AAE804 /* war-challenge.app */,
				FAB1D01D2876379200AAE804 /* Tests iOS.xctest */,
				FAB1D0292876379200AAE804 /* Tests macOS.xctest */,
			);
			name = Products;
			sourceTree = "<group>";
		};
		FAB1D0172876379200AAE804 /* macOS */ = {
			isa = PBXGroup;
			children = (
				FAB1D0182876379200AAE804 /* macOS.entitlements */,
			);
			path = macOS;
			sourceTree = "<group>";
		};
		FAB1D0202876379200AAE804 /* Tests iOS */ = {
			isa = PBXGroup;
			children = (
				FAB1D0212876379200AAE804 /* Tests_iOS.swift */,
				FAB1D0232876379200AAE804 /* Tests_iOSLaunchTests.swift */,
			);
			path = "Tests iOS";
			sourceTree = "<group>";
		};
		FAB1D02C2876379200AAE804 /* Tests macOS */ = {
			isa = PBXGroup;
			children = (
				FAB1D02D2876379200AAE804 /* Tests_macOS.swift */,
				FAB1D02F2876379200AAE804 /* Tests_macOSLaunchTests.swift */,
			);
			path = "Tests macOS";
			sourceTree = "<group>";
		};
/* End PBXGroup section */

/* Begin PBXNativeTarget section */
		FAB1D00F2876379200AAE804 /* war-challenge (iOS) */ = {
			isa = PBXNativeTarget;
			buildConfigurationList = FAB1D0392876379200AAE804 /* Build configuration list for PBXNativeTarget "war-challenge (iOS)" */;
			buildPhases = (
				FAB1D00C2876379200AAE804 /* Sources */,
				FAB1D00D2876379200AAE804 /* Frameworks */,
				FAB1D00E2876379200AAE804 /* Resources */,
			);
			buildRules = (
			);
			dependencies = (
			);
			name = "war-challenge (iOS)";
			productName = "war-challenge (iOS)";
			productReference = FAB1D0102876379200AAE804 /* war-challenge.app */;
			productType = "com.apple.product-type.application";
		};
		FAB1D0152876379200AAE804 /* war-challenge (macOS) */ = {
			isa = PBXNativeTarget;
			buildConfigurationList = FAB1D03C2876379200AAE804 /* Build configuration list for PBXNativeTarget "war-challenge (macOS)" */;
			buildPhases = (
				FAB1D0122876379200AAE804 /* Sources */,
				FAB1D0132876379200AAE804 /* Frameworks */,
				FAB1D0142876379200AAE804 /* Resources */,
			);
			buildRules = (
			);
			dependencies = (
			);
			name = "war-challenge (macOS)";
			productName = "war-challenge (macOS)";
			productReference = FAB1D0162876379200AAE804 /* war-challenge.app */;
			productType = "com.apple.product-type.application";
		};
		FAB1D01C2876379200AAE804 /* Tests iOS */ = {
			isa = PBXNativeTarget;
			buildConfigurationList = FAB1D03F2876379200AAE804 /* Build configuration list for PBXNativeTarget "Tests iOS" */;
			buildPhases = (
				FAB1D0192876379200AAE804 /* Sources */,
				FAB1D01A2876379200AAE804 /* Frameworks */,
				FAB1D01B2876379200AAE804 /* Resources */,
			);
			buildRules = (
			);
			dependencies = (
				FAB1D01F2876379200AAE804 /* PBXTargetDependency */,
			);
			name = "Tests iOS";
			productName = "Tests iOS";
			productReference = FAB1D01D2876379200AAE804 /* Tests iOS.xctest */;
			productType = "com.apple.product-type.bundle.ui-testing";
		};
		FAB1D0282876379200AAE804 /* Tests macOS */ = {
			isa = PBXNativeTarget;
			buildConfigurationList = FAB1D0422876379200AAE804 /* Build configuration list for PBXNativeTarget "Tests macOS" */;
			buildPhases = (
				FAB1D0252876379200AAE804 /* Sources */,
				FAB1D0262876379200AAE804 /* Frameworks */,
				FAB1D0272876379200AAE804 /* Resources */,
			);
			buildRules = (
			);
			dependencies = (
				FAB1D02B2876379200AAE804 /* PBXTargetDependency */,
			);
			name = "Tests macOS";
			productName = "Tests macOS";
			productReference = FAB1D0292876379200AAE804 /* Tests macOS.xctest */;
			productType = "com.apple.product-type.bundle.ui-testing";
		};
/* End PBXNativeTarget section */

/* Begin PBXProject section */
		FAB1D0042876379000AAE804 /* Project object */ = {
			isa = PBXProject;
			attributes = {
				BuildIndependentTargetsInParallel = 1;
				LastSwiftUpdateCheck = 1340;
				LastUpgradeCheck = 1340;
				TargetAttributes = {
					FAB1D00F2876379200AAE804 = {
						CreatedOnToolsVersion = 13.4;
					};
					FAB1D0152876379200AAE804 = {
						CreatedOnToolsVersion = 13.4;
					};
					FAB1D01C2876379200AAE804 = {
						CreatedOnToolsVersion = 13.4;
						TestTargetID = FAB1D00F2876379200AAE804;
					};
					FAB1D0282876379200AAE804 = {
						CreatedOnToolsVersion = 13.4;
						TestTargetID = FAB1D0152876379200AAE804;
					};
				};
			};
			buildConfigurationList = FAB1D0072876379000AAE804 /* Build configuration list for PBXProject "war-challenge" */;
			compatibilityVersion = "Xcode 13.0";
			developmentRegion = en;
			hasScannedForEncodings = 0;
			knownRegions = (
				en,
				Base,
			);
			mainGroup = FAB1D0032876379000AAE804;
			productRefGroup = FAB1D0112876379200AAE804 /* Products */;
			projectDirPath = "";
			projectRoot = "";
			targets = (
				FAB1D00F2876379200AAE804 /* war-challenge (iOS) */,
				FAB1D0152876379200AAE804 /* war-challenge (macOS) */,
				FAB1D01C2876379200AAE804 /* Tests iOS */,
				FAB1D0282876379200AAE804 /* Tests macOS */,
			);
		};
/* End PBXProject section */

/* Begin PBXResourcesBuildPhase section */
		FAB1D00E2876379200AAE804 /* Resources */ = {
			isa = PBXResourcesBuildPhase;
			buildActionMask = 2147483647;
			files = (
				FAB1D0352876379200AAE804 /* Assets.xcassets in Resources */,
			);
			runOnlyForDeploymentPostprocessing = 0;
		};
		FAB1D0142876379200AAE804 /* Resources */ = {
			isa = PBXResourcesBuildPhase;
			buildActionMask = 2147483647;
			files = (
				FAB1D0362876379200AAE804 /* Assets.xcassets in Resources */,
			);
			runOnlyForDeploymentPostprocessing = 0;
		};
		FAB1D01B2876379200AAE804 /* Resources */ = {
			isa = PBXResourcesBuildPhase;
			buildActionMask = 2147483647;
			files = (
			);
			runOnlyForDeploymentPostprocessing = 0;
		};
		FAB1D0272876379200AAE804 /* Resources */ = {
			isa = PBXResourcesBuildPhase;
			buildActionMask = 2147483647;
			files = (
			);
			runOnlyForDeploymentPostprocessing = 0;
		};
/* End PBXResourcesBuildPhase section */

/* Begin PBXSourcesBuildPhase section */
		FAB1D00C2876379200AAE804 /* Sources */ = {
			isa = PBXSourcesBuildPhase;
			buildActionMask = 2147483647;
			files = (
				FAB1D0332876379200AAE804 /* ContentView.swift in Sources */,
				FAB1D0312876379200AAE804 /* war_challengeApp.swift in Sources */,
			);
			runOnlyForDeploymentPostprocessing = 0;
		};
		FAB1D0122876379200AAE804 /* Sources */ = {
			isa = PBXSourcesBuildPhase;
			buildActionMask = 2147483647;
			files = (
				FAB1D0342876379200AAE804 /* ContentView.swift in Sources */,
				FAB1D0322876379200AAE804 /* war_challengeApp.swift in Sources */,
			);
			runOnlyForDeploymentPostprocessing = 0;
		};
		FAB1D0192876379200AAE804 /* Sources */ = {
			isa = PBXSourcesBuildPhase;
			buildActionMask = 2147483647;
			files = (
				FAB1D0242876379200AAE804 /* Tests_iOSLaunchTests.swift in Sources */,
				FAB1D0222876379200AAE804 /* Tests_iOS.swift in Sources */,
			);
			runOnlyForDeploymentPostprocessing = 0;
		};
		FAB1D0252876379200AAE804 /* Sources */ = {
			isa = PBXSourcesBuildPhase;
			buildActionMask = 2147483647;
			files = (
				FAB1D0302876379200AAE804 /* Tests_macOSLaunchTests.swift in Sources */,
				FAB1D02E2876379200AAE804 /* Tests_macOS.swift in Sources */,
			);
			runOnlyForDeploymentPostprocessing = 0;
		};
/* End PBXSourcesBuildPhase section */

/* Begin PBXTargetDependency section */
		FAB1D01F2876379200AAE804 /* PBXTargetDependency */ = {
			isa = PBXTargetDependency;
			target = FAB1D00F2876379200AAE804 /* war-challenge (iOS) */;
			targetProxy = FAB1D01E2876379200AAE804 /* PBXContainerItemProxy */;
		};
		FAB1D02B2876379200AAE804 /* PBXTargetDependency */ = {
			isa = PBXTargetDependency;
			target = FAB1D0152876379200AAE804 /* war-challenge (macOS) */;
			targetProxy = FAB1D02A2876379200AAE804 /* PBXContainerItemProxy */;
		};
/* End PBXTargetDependency section */

/* Begin XCBuildConfiguration section */
		FAB1D0372876379200AAE804 /* Debug */ = {
			isa = XCBuildConfiguration;
			buildSettings = {
				ALWAYS_SEARCH_USER_PATHS = NO;
				CLANG_ANALYZER_NONNULL = YES;
				CLANG_ANALYZER_NUMBER_OBJECT_CONVERSION = YES_AGGRESSIVE;
				CLANG_CXX_LANGUAGE_STANDARD = "gnu++17";
				CLANG_ENABLE_MODULES = YES;
				CLANG_ENABLE_OBJC_ARC = YES;
				CLANG_ENABLE_OBJC_WEAK = YES;
				CLANG_WARN_BLOCK_CAPTURE_AUTORELEASING = YES;
				CLANG_WARN_BOOL_CONVERSION = YES;
				CLANG_WARN_COMMA = YES;
				CLANG_WARN_CONSTANT_CONVERSION = YES;
				CLANG_WARN_DEPRECATED_OBJC_IMPLEMENTATIONS = YES;
				CLANG_WARN_DIRECT_OBJC_ISA_USAGE = YES_ERROR;
				CLANG_WARN_DOCUMENTATION_COMMENTS = YES;
				CLANG_WARN_EMPTY_BODY = YES;
				CLANG_WARN_ENUM_CONVERSION = YES;
				CLANG_WARN_INFINITE_RECURSION = YES;
				CLANG_WARN_INT_CONVERSION = YES;
				CLANG_WARN_NON_LITERAL_NULL_CONVERSION = YES;
				CLANG_WARN_OBJC_IMPLICIT_RETAIN_SELF = YES;
				CLANG_WARN_OBJC_LITERAL_CONVERSION = YES;
				CLANG_WARN_OBJC_ROOT_CLASS = YES_ERROR;
				CLANG_WARN_QUOTED_INCLUDE_IN_FRAMEWORK_HEADER = YES;
				CLANG_WARN_RANGE_LOOP_ANALYSIS = YES;
				CLANG_WARN_STRICT_PROTOTYPES = YES;
				CLANG_WARN_SUSPICIOUS_MOVE = YES;
				CLANG_WARN_UNGUARDED_AVAILABILITY = YES_AGGRESSIVE;
				CLANG_WARN_UNREACHABLE_CODE = YES;
				CLANG_WARN__DUPLICATE_METHOD_MATCH = YES;
				COPY_PHASE_STRIP = NO;
				DEBUG_INFORMATION_FORMAT = dwarf;
				ENABLE_STRICT_OBJC_MSGSEND = YES;
				ENABLE_TESTABILITY = YES;
				GCC_C_LANGUAGE_STANDARD = gnu11;
				GCC_DYNAMIC_NO_PIC = NO;
				GCC_NO_COMMON_BLOCKS = YES;
				GCC_OPTIMIZATION_LEVEL = 0;
				GCC_PREPROCESSOR_DEFINITIONS = (
					"DEBUG=1",
					"$(inherited)",
				);
				GCC_WARN_64_TO_32_BIT_CONVERSION = YES;
				GCC_WARN_ABOUT_RETURN_TYPE = YES_ERROR;
				GCC_WARN_UNDECLARED_SELECTOR = YES;
				GCC_WARN_UNINITIALIZED_AUTOS = YES_AGGRESSIVE;
				GCC_WARN_UNUSED_FUNCTION = YES;
				GCC_WARN_UNUSED_VARIABLE = YES;
				MTL_ENABLE_DEBUG_INFO = INCLUDE_SOURCE;
				MTL_FAST_MATH = YES;
				ONLY_ACTIVE_ARCH = YES;
				SWIFT_ACTIVE_COMPILATION_CONDITIONS = DEBUG;
				SWIFT_OPTIMIZATION_LEVEL = "-Onone";
			};
			name = Debug;
		};
		FAB1D0382876379200AAE804 /* Release */ = {
			isa = XCBuildConfiguration;
			buildSettings = {
				ALWAYS_SEARCH_USER_PATHS = NO;
				CLANG_ANALYZER_NONNULL = YES;
				CLANG_ANALYZER_NUMBER_OBJECT_CONVERSION = YES_AGGRESSIVE;
				CLANG_CXX_LANGUAGE_STANDARD = "gnu++17";
				CLANG_ENABLE_MODULES = YES;
				CLANG_ENABLE_OBJC_ARC = YES;
				CLANG_ENABLE_OBJC_WEAK = YES;
				CLANG_WARN_BLOCK_CAPTURE_AUTORELEASING = YES;
				CLANG_WARN_BOOL_CONVERSION = YES;
				CLANG_WARN_COMMA = YES;
				CLANG_WARN_CONSTANT_CONVERSION = YES;
				CLANG_WARN_DEPRECATED_OBJC_IMPLEMENTATIONS = YES;
				CLANG_WARN_DIRECT_OBJC_ISA_USAGE = YES_ERROR;
				CLANG_WARN_DOCUMENTATION_COMMENTS = YES;
				CLANG_WARN_EMPTY_BODY = YES;
				CLANG_WARN_ENUM_CONVERSION = YES;
				CLANG_WARN_INFINITE_RECURSION = YES;
				CLANG_WARN_INT_CONVERSION = YES;
				CLANG_WARN_NON_LITERAL_NULL_CONVERSION = YES;
				CLANG_WARN_OBJC_IMPLICIT_RETAIN_SELF = YES;
				CLANG_WARN_OBJC_LITERAL_CONVERSION = YES;
				CLANG_WARN_OBJC_ROOT_CLASS = YES_ERROR;
				CLANG_WARN_QUOTED_INCLUDE_IN_FRAMEWORK_HEADER = YES;
				CLANG_WARN_RANGE_LOOP_ANALYSIS = YES;
				CLANG_WARN_STRICT_PROTOTYPES = YES;
				CLANG_WARN_SUSPICIOUS_MOVE = YES;
				CLANG_WARN_UNGUARDED_AVAILABILITY = YES_AGGRESSIVE;
				CLANG_WARN_UNREACHABLE_CODE = YES;
				CLANG_WARN__DUPLICATE_METHOD_MATCH = YES;
				COPY_PHASE_STRIP = NO;
				DEBUG_INFORMATION_FORMAT = "dwarf-with-dsym";
				ENABLE_NS_ASSERTIONS = NO;
				ENABLE_STRICT_OBJC_MSGSEND = YES;
				GCC_C_LANGUAGE_STANDARD = gnu11;
				GCC_NO_COMMON_BLOCKS = YES;
				GCC_WARN_64_TO_32_BIT_CONVERSION = YES;
				GCC_WARN_ABOUT_RETURN_TYPE = YES_ERROR;
				GCC_WARN_UNDECLARED_SELECTOR = YES;
				GCC_WARN_UNINITIALIZED_AUTOS = YES_AGGRESSIVE;
				GCC_WARN_UNUSED_FUNCTION = YES;
				GCC_WARN_UNUSED_VARIABLE = YES;
				MTL_ENABLE_DEBUG_INFO = NO;
				MTL_FAST_MATH = YES;
				SWIFT_COMPILATION_MODE = wholemodule;
				SWIFT_OPTIMIZATION_LEVEL = "-O";
			};
			name = Release;
		};
		FAB1D03A2876379200AAE804 /* Debug */ = {
			isa = XCBuildConfiguration;
			buildSettings = {
				ASSETCATALOG_COMPILER_APPICON_NAME = AppIcon;
				ASSETCATALOG_COMPILER_GLOBAL_ACCENT_COLOR_NAME = AccentColor;
				CODE_SIGN_STYLE = Automatic;
				CURRENT_PROJECT_VERSION = 1;
				DEVELOPMENT_TEAM = H5KQM6399W;
				ENABLE_PREVIEWS = YES;
				GENERATE_INFOPLIST_FILE = YES;
				INFOPLIST_KEY_UIApplicationSceneManifest_Generation = YES;
				INFOPLIST_KEY_UIApplicationSupportsIndirectInputEvents = YES;
				INFOPLIST_KEY_UILaunchScreen_Generation = YES;
				INFOPLIST_KEY_UISupportedInterfaceOrientations_iPad = "UIInterfaceOrientationPortrait UIInterfaceOrientationPortraitUpsideDown UIInterfaceOrientationLandscapeLeft UIInterfaceOrientationLandscapeRight";
				INFOPLIST_KEY_UISupportedInterfaceOrientations_iPhone = "UIInterfaceOrientationPortrait UIInterfaceOrientationLandscapeLeft UIInterfaceOrientationLandscapeRight";
				IPHONEOS_DEPLOYMENT_TARGET = 15.5;
				LD_RUNPATH_SEARCH_PATHS = (
					"$(inherited)",
					"@executable_path/Frameworks",
				);
				MARKETING_VERSION = 1.0;
				PRODUCT_BUNDLE_IDENTIFIER = "com.rachelskwerer.war-challenge";
				PRODUCT_NAME = "war-challenge";
				SDKROOT = iphoneos;
				SWIFT_EMIT_LOC_STRINGS = YES;
				SWIFT_VERSION = 5.0;
				TARGETED_DEVICE_FAMILY = "1,2";
			};
			name = Debug;
		};
		FAB1D03B2876379200AAE804 /* Release */ = {
			isa = XCBuildConfiguration;
			buildSettings = {
				ASSETCATALOG_COMPILER_APPICON_NAME = AppIcon;
				ASSETCATALOG_COMPILER_GLOBAL_ACCENT_COLOR_NAME = AccentColor;
				CODE_SIGN_STYLE = Automatic;
				CURRENT_PROJECT_VERSION = 1;
				DEVELOPMENT_TEAM = H5KQM6399W;
				ENABLE_PREVIEWS = YES;
				GENERATE_INFOPLIST_FILE = YES;
				INFOPLIST_KEY_UIApplicationSceneManifest_Generation = YES;
				INFOPLIST_KEY_UIApplicationSupportsIndirectInputEvents = YES;
				INFOPLIST_KEY_UILaunchScreen_Generation = YES;
				INFOPLIST_KEY_UISupportedInterfaceOrientations_iPad = "UIInterfaceOrientationPortrait UIInterfaceOrientationPortraitUpsideDown UIInterfaceOrientationLandscapeLeft UIInterfaceOrientationLandscapeRight";
				INFOPLIST_KEY_UISupportedInterfaceOrientations_iPhone = "UIInterfaceOrientationPortrait UIInterfaceOrientationLandscapeLeft UIInterfaceOrientationLandscapeRight";
				IPHONEOS_DEPLOYMENT_TARGET = 15.5;
				LD_RUNPATH_SEARCH_PATHS = (
					"$(inherited)",
					"@executable_path/Frameworks",
				);
				MARKETING_VERSION = 1.0;
				PRODUCT_BUNDLE_IDENTIFIER = "com.rachelskwerer.war-challenge";
				PRODUCT_NAME = "war-challenge";
				SDKROOT = iphoneos;
				SWIFT_EMIT_LOC_STRINGS = YES;
				SWIFT_VERSION = 5.0;
				TARGETED_DEVICE_FAMILY = "1,2";
				VALIDATE_PRODUCT = YES;
			};
			name = Release;
		};
		FAB1D03D2876379200AAE804 /* Debug */ = {
			isa = XCBuildConfiguration;
			buildSettings = {
				ASSETCATALOG_COMPILER_APPICON_NAME = AppIcon;
				ASSETCATALOG_COMPILER_GLOBAL_ACCENT_COLOR_NAME = AccentColor;
				CODE_SIGN_ENTITLEMENTS = macOS/macOS.entitlements;
				CODE_SIGN_STYLE = Automatic;
				COMBINE_HIDPI_IMAGES = YES;
				CURRENT_PROJECT_VERSION = 1;
				DEVELOPMENT_TEAM = H5KQM6399W;
				ENABLE_HARDENED_RUNTIME = YES;
				ENABLE_PREVIEWS = YES;
				GENERATE_INFOPLIST_FILE = YES;
				INFOPLIST_KEY_NSHumanReadableCopyright = "";
				LD_RUNPATH_SEARCH_PATHS = (
					"$(inherited)",
					"@executable_path/../Frameworks",
				);
				MACOSX_DEPLOYMENT_TARGET = 12.3;
				MARKETING_VERSION = 1.0;
				PRODUCT_BUNDLE_IDENTIFIER = "com.rachelskwerer.war-challenge";
				PRODUCT_NAME = "war-challenge";
				SDKROOT = macosx;
				SWIFT_EMIT_LOC_STRINGS = YES;
				SWIFT_VERSION = 5.0;
			};
			name = Debug;
		};
		FAB1D03E2876379200AAE804 /* Release */ = {
			isa = XCBuildConfiguration;
			buildSettings = {
				ASSETCATALOG_COMPILER_APPICON_NAME = AppIcon;
				ASSETCATALOG_COMPILER_GLOBAL_ACCENT_COLOR_NAME = AccentColor;
				CODE_SIGN_ENTITLEMENTS = macOS/macOS.entitlements;
				CODE_SIGN_STYLE = Automatic;
				COMBINE_HIDPI_IMAGES = YES;
				CURRENT_PROJECT_VERSION = 1;
				DEVELOPMENT_TEAM = H5KQM6399W;
				ENABLE_HARDENED_RUNTIME = YES;
				ENABLE_PREVIEWS = YES;
				GENERATE_INFOPLIST_FILE = YES;
				INFOPLIST_KEY_NSHumanReadableCopyright = "";
				LD_RUNPATH_SEARCH_PATHS = (
					"$(inherited)",
					"@executable_path/../Frameworks",
				);
				MACOSX_DEPLOYMENT_TARGET = 12.3;
				MARKETING_VERSION = 1.0;
				PRODUCT_BUNDLE_IDENTIFIER = "com.rachelskwerer.war-challenge";
				PRODUCT_NAME = "war-challenge";
				SDKROOT = macosx;
				SWIFT_EMIT_LOC_STRINGS = YES;
				SWIFT_VERSION = 5.0;
			};
			name = Release;
		};
		FAB1D0402876379200AAE804 /* Debug */ = {
			isa = XCBuildConfiguration;
			buildSettings = {
				ALWAYS_EMBED_SWIFT_STANDARD_LIBRARIES = YES;
				CODE_SIGN_STYLE = Automatic;
				CURRENT_PROJECT_VERSION = 1;
				DEVELOPMENT_TEAM = H5KQM6399W;
				GENERATE_INFOPLIST_FILE = YES;
				IPHONEOS_DEPLOYMENT_TARGET = 15.5;
				MARKETING_VERSION = 1.0;
				PRODUCT_BUNDLE_IDENTIFIER = "com.rachelskwerer.Tests-iOS";
				PRODUCT_NAME = "$(TARGET_NAME)";
				SDKROOT = iphoneos;
				SWIFT_EMIT_LOC_STRINGS = NO;
				SWIFT_VERSION = 5.0;
				TARGETED_DEVICE_FAMILY = "1,2";
				TEST_TARGET_NAME = "war-challenge (iOS)";
			};
			name = Debug;
		};
		FAB1D0412876379200AAE804 /* Release */ = {
			isa = XCBuildConfiguration;
			buildSettings = {
				ALWAYS_EMBED_SWIFT_STANDARD_LIBRARIES = YES;
				CODE_SIGN_STYLE = Automatic;
				CURRENT_PROJECT_VERSION = 1;
				DEVELOPMENT_TEAM = H5KQM6399W;
				GENERATE_INFOPLIST_FILE = YES;
				IPHONEOS_DEPLOYMENT_TARGET = 15.5;
				MARKETING_VERSION = 1.0;
				PRODUCT_BUNDLE_IDENTIFIER = "com.rachelskwerer.Tests-iOS";
				PRODUCT_NAME = "$(TARGET_NAME)";
				SDKROOT = iphoneos;
				SWIFT_EMIT_LOC_STRINGS = NO;
				SWIFT_VERSION = 5.0;
				TARGETED_DEVICE_FAMILY = "1,2";
				TEST_TARGET_NAME = "war-challenge (iOS)";
				VALIDATE_PRODUCT = YES;
			};
			name = Release;
		};
		FAB1D0432876379200AAE804 /* Debug */ = {
			isa = XCBuildConfiguration;
			buildSettings = {
				ALWAYS_EMBED_SWIFT_STANDARD_LIBRARIES = YES;
				CODE_SIGN_STYLE = Automatic;
				CURRENT_PROJECT_VERSION = 1;
				DEVELOPMENT_TEAM = H5KQM6399W;
				GENERATE_INFOPLIST_FILE = YES;
				MACOSX_DEPLOYMENT_TARGET = 12.3;
				MARKETING_VERSION = 1.0;
				PRODUCT_BUNDLE_IDENTIFIER = "com.rachelskwerer.Tests-macOS";
				PRODUCT_NAME = "$(TARGET_NAME)";
				SDKROOT = macosx;
				SWIFT_EMIT_LOC_STRINGS = NO;
				SWIFT_VERSION = 5.0;
				TEST_TARGET_NAME = "war-challenge (macOS)";
			};
			name = Debug;
		};
		FAB1D0442876379200AAE804 /* Release */ = {
			isa = XCBuildConfiguration;
			buildSettings = {
				ALWAYS_EMBED_SWIFT_STANDARD_LIBRARIES = YES;
				CODE_SIGN_STYLE = Automatic;
				CURRENT_PROJECT_VERSION = 1;
				DEVELOPMENT_TEAM = H5KQM6399W;
				GENERATE_INFOPLIST_FILE = YES;
				MACOSX_DEPLOYMENT_TARGET = 12.3;
				MARKETING_VERSION = 1.0;
				PRODUCT_BUNDLE_IDENTIFIER = "com.rachelskwerer.Tests-macOS";
				PRODUCT_NAME = "$(TARGET_NAME)";
				SDKROOT = macosx;
				SWIFT_EMIT_LOC_STRINGS = NO;
				SWIFT_VERSION = 5.0;
				TEST_TARGET_NAME = "war-challenge (macOS)";
			};
			name = Release;
		};
/* End XCBuildConfiguration section */

/* Begin XCConfigurationList section */
		FAB1D0072876379000AAE804 /* Build configuration list for PBXProject "war-challenge" */ = {
			isa = XCConfigurationList;
			buildConfigurations = (
				FAB1D0372876379200AAE804 /* Debug */,
				FAB1D0382876379200AAE804 /* Release */,
			);
			defaultConfigurationIsVisible = 0;
			defaultConfigurationName = Release;
		};
		FAB1D0392876379200AAE804 /* Build configuration list for PBXNativeTarget "war-challenge (iOS)" */ = {
			isa = XCConfigurationList;
			buildConfigurations = (
				FAB1D03A2876379200AAE804 /* Debug */,
				FAB1D03B2876379200AAE804 /* Release */,
			);
			defaultConfigurationIsVisible = 0;
			defaultConfigurationName = Release;
		};
		FAB1D03C2876379200AAE804 /* Build configuration list for PBXNativeTarget "war-challenge (macOS)" */ = {
			isa = XCConfigurationList;
			buildConfigurations = (
				FAB1D03D2876379200AAE804 /* Debug */,
				FAB1D03E2876379200AAE804 /* Release */,
			);
			defaultConfigurationIsVisible = 0;
			defaultConfigurationName = Release;
		};
		FAB1D03F2876379200AAE804 /* Build configuration list for PBXNativeTarget "Tests iOS" */ = {
			isa = XCConfigurationList;
			buildConfigurations = (
				FAB1D0402876379200AAE804 /* Debug */,
				FAB1D0412876379200AAE804 /* Release */,
			);
			defaultConfigurationIsVisible = 0;
			defaultConfigurationName = Release;
		};
		FAB1D0422876379200AAE804 /* Build configuration list for PBXNativeTarget "Tests macOS" */ = {
			isa = XCConfigurationList;
			buildConfigurations = (
				FAB1D0432876379200AAE804 /* Debug */,
				FAB1D0442876379200AAE804 /* Release */,
			);
			defaultConfigurationIsVisible = 0;
			defaultConfigurationName = Release;
		};
/* End XCConfigurationList section */
	};
	rootObject = FAB1D0042876379000AAE804 /* Project object */;
}
